
Microsoft Visual Studio Solution File, Format Version 12.00
# Visual Studio Version 16
VisualStudioVersion = 16.0.31702.278
MinimumVisualStudioVersion = 10.0.40219.1
Project("{FAE04EC0-301F-11D3-BF4B-00C04F79EFBC}") = "MethodOverloadingExercise", "MethodOverloadingExercise\MethodOverloadingExercise.csproj", "{899C86BA-AB5F-41F2-808E-FE77F393A65C}"
EndProject
Global
	GlobalSection(SolutionConfigurationPlatforms) = preSolution
		Debug|Any CPU = Debug|Any CPU
		Release|Any CPU = Release|Any CPU
	EndGlobalSection
	GlobalSection(ProjectConfigurationPlatforms) = postSolution
		{899C86BA-AB5F-41F2-808E-FE77F393A65C}.Debug|Any CPU.ActiveCfg = Debug|Any CPU
		{899C86BA-AB5F-41F2-808E-FE77F393A65C}.Debug|Any CPU.Build.0 = Debug|Any CPU
		{899C86BA-AB5F-41F2-808E-FE77F393A65C}.Release|Any CPU.ActiveCfg = Release|Any CPU
		{899C86BA-AB5F-41F2-808E-FE77F393A65C}.Release|Any CPU.Build.0 = Release|Any CPU
	EndGlobalSection
	GlobalSection(SolutionProperties) = preSolution
		HideSolutionNode = FALSE
	EndGlobalSection
	GlobalSection(ExtensibilityGlobals) = postSolution
		SolutionGuid = {0D3F9945-84EE-487C-AE20-6C8A20405393}
	EndGlobalSection
EndGlobal
